
Microsoft Visual Studio Solution File, Format Version 12.00
# Visual Studio Version 17
VisualStudioVersion = 17.6.33815.320
MinimumVisualStudioVersion = 10.0.40219.1
Project("{FAE04EC0-301F-11D3-BF4B-00C04F79EFBC}") = "OKX_PA", "OKX_PA.csproj", "{B0986440-7E32-427C-A776-C57FE15A3511}"
EndProject
Global
	GlobalSection(SolutionConfigurationPlatforms) = preSolution
		Debug|Any CPU = Debug|Any CPU
		Release|Any CPU = Release|Any CPU
	EndGlobalSection
	GlobalSection(ProjectConfigurationPlatforms) = postSolution
		{B0986440-7E32-427C-A776-C57FE15A3511}.Debug|Any CPU.ActiveCfg = Debug|Any CPU
		{B0986440-7E32-427C-A776-C57FE15A3511}.Debug|Any CPU.Build.0 = Debug|Any CPU
		{B0986440-7E32-427C-A776-C57FE15A3511}.Release|Any CPU.ActiveCfg = Release|Any CPU
		{B0986440-7E32-427C-A776-C57FE15A3511}.Release|Any CPU.Build.0 = Release|Any CPU
	EndGlobalSection
	GlobalSection(SolutionProperties) = preSolution
		HideSolutionNode = FALSE
	EndGlobalSection
	GlobalSection(ExtensibilityGlobals) = postSolution
		SolutionGuid = {9EA445B8-6C55-4BF6-9016-CF63E6D7BD57}
	EndGlobalSection
EndGlobal
